dependencies:
  espressif/dl_fft:
    component_hash: 7dadbd644c0d7ba4733cc3726ec4cff6edf27b043725e1115861dec1609a3d28
    dependencies:
    - name: idf
      require: private
      version: '>=5.0'
    source:
      registry_url: https://components.espressif.com
      type: service
    version: 0.3.1
  espressif/esp-dl:
    component_hash: 5130cf5ba89cb43865da942ddf23b39b1520855907cd91b68d3ad65dcf2305b6
    dependencies:
    - name: espressif/dl_fft
      registry_url: https://components.espressif.com
      require: private
      version: '>=0.3.1'
    - name: espressif/esp-dsp
      registry_url: https://components.espressif.com
      require: private
      version: ==1.7.0
    - name: espressif/esp_new_jpeg
      registry_url: https://components.espressif.com
      require: private
      version: ^0.6.1
    - name: idf
      require: private
      version: '>=5.3'
    source:
      registry_url: https://components.espressif.com/
      type: service
    targets:
    - esp32
    - esp32s3
    - esp32p4
    version: 3.2.4
  espressif/esp-dsp:
    component_hash: 42dce32d46ac93dc11f60d368e29a830e9661c7345d794b8a45c343479cae636
    dependencies:
    - name: idf
      require: private
      version: '>=4.2'
    source:
      registry_url: https://components.espressif.com
      type: service
    version: 1.7.0
  espressif/esp32-camera:
    dependencies: []
    source:
      path: /home/vuhamthieu/Projects/AIoT/tinyml-traffic-classifier-counter-esp32s3/firmware/components/espressif__esp32-camera
      type: local
    version: 2.1.5
  espressif/esp_jpeg:
    component_hash: defb83669293cbf86d0fa86b475ba5517aceed04ed70db435388c151ab37b5d7
    dependencies:
    - name: idf
      require: private
      version: '>=5.0'
    source:
      registry_url: https://components.espressif.com/
      type: service
    version: 1.3.1
  espressif/esp_new_jpeg:
    component_hash: e6af208a875abd0ecfc0213d3751a11b504b463ebde6930f24096047925fa5c1
    dependencies: []
    source:
      registry_url: https://components.espressif.com
      type: service
    targets:
    - esp32
    - esp32s2
    - esp32s3
    - esp32p4
    - esp32c2
    - esp32c3
    - esp32c5
    - esp32c6
    version: 0.6.1
  idf:
    source:
      type: idf
    version: 6.0.0
direct_dependencies:
- espressif/esp-dl
- espressif/esp32-camera
- espressif/esp_jpeg
- idf
manifest_hash: 191993ff71bc5c6538825e8962ff0466cded10085178f459338eb850b61bc9c3
target: esp32s3
version: 2.0.0
